<?xml version="1.0" encoding="utf-8"?>
<Project ToolsVersion="4.0" xmlns="http://schemas.microsoft.com/developer/msbuild/2003">
  <ItemGroup>
    <Filter Include="Arquivos de Origem">
      <UniqueIdentifier>{4FC737F1-C7A5-4376-A066-2A32D752A2FF}</UniqueIdentifier>
      <Extensions>cpp;c;cc;cxx;c++;cppm;ixx;def;odl;idl;hpj;bat;asm;asmx</Extensions>
    </Filter>
    <Filter Include="Arquivos de Cabeçalho">
      <UniqueIdentifier>{93995380-89BD-4b04-88EB-625FBE52EBFB}</UniqueIdentifier>
      <Extensions>h;hh;hpp;hxx;h++;hm;inl;inc;ipp;xsd</Extensions>
    </Filter>
    <Filter Include="Arquivos de Recurso">
      <UniqueIdentifier>{67DA6AB6-F800-4c08-8B7A-83BB121AAD01}</UniqueIdentifier>
      <Extensions>rc;ico;cur;bmp;dlg;rc2;rct;bin;rgs;gif;jpg;jpeg;jpe;resx;tiff;tif;png;wav;mfcribbon-ms</Extensions>
    </Filter>
    <Filter Include="Arquivos de Origem\Renderer">
      <UniqueIdentifier>{920d6cd5-9de7-451c-bd07-30e8bc639b86}</UniqueIdentifier>
    </Filter>
    <Filter Include="Arquivos de Origem\Triangle">
      <UniqueIdentifier>{bf9fa397-2336-47a6-8c5e-c286be5c583c}</UniqueIdentifier>
    </Filter>
    <Filter Include="Arquivos de Origem\Mesh">
      <UniqueIdentifier>{d757418c-85d6-4df1-9d6c-89c23b08bcbf}</UniqueIdentifier>
    </Filter>
    <Filter Include="Arquivos de Origem\Shader">
      <UniqueIdentifier>{6e88afcf-8d65-4cfa-a6d0-afb962bf3bec}</UniqueIdentifier>
    </Filter>
    <Filter Include="Arquivos de Origem\Camera">
      <UniqueIdentifier>{af4a7f23-c1db-44e4-9cfb-cedd619e6e66}</UniqueIdentifier>
    </Filter>
  </ItemGroup>
  <ItemGroup>
    <ClCompile Include="main.cpp">
      <Filter>Arquivos de Origem</Filter>
    </ClCompile>
    <ClCompile Include="Renderer.cpp">
      <Filter>Arquivos de Origem\Renderer</Filter>
    </ClCompile>
    <ClCompile Include="Triangle.cpp">
      <Filter>Arquivos de Origem\Triangle</Filter>
    </ClCompile>
    <ClCompile Include="Mesh.cpp">
      <Filter>Arquivos de Origem\Mesh</Filter>
    </ClCompile>
    <ClCompile Include="Shader.cpp">
      <Filter>Arquivos de Origem\Shader</Filter>
    </ClCompile>
    <ClCompile Include="Camera.cpp">
      <Filter>Arquivos de Origem\Camera</Filter>
    </ClCompile>
  </ItemGroup>
  <ItemGroup>
    <None Include=".gitignore">
      <Filter>Arquivos de Origem</Filter>
    </None>
  </ItemGroup>
  <ItemGroup>
    <ClInclude Include="Renderer.hpp">
      <Filter>Arquivos de Origem\Renderer</Filter>
    </ClInclude>
    <ClInclude Include="Triangle.hpp">
      <Filter>Arquivos de Origem\Triangle</Filter>
    </ClInclude>
    <ClInclude Include="Mesh.hpp">
      <Filter>Arquivos de Origem\Mesh</Filter>
    </ClInclude>
    <ClInclude Include="Shader.hpp">
      <Filter>Arquivos de Origem\Shader</Filter>
    </ClInclude>
    <ClInclude Include="Camera.hpp">
      <Filter>Arquivos de Origem\Camera</Filter>
    </ClInclude>
  </ItemGroup>
</Project>